
Microsoft Visual Studio Solution File, Format Version 12.00
# Visual Studio 15
VisualStudioVersion = 15.0.27130.2036
MinimumVisualStudioVersion = 10.0.40219.1
Project("{FAE04EC0-301F-11D3-BF4B-00C04F79EFBC}") = "ComponentInteraction", "ComponentInteraction\ComponentInteraction.csproj", "{5E1F3101-4A1F-493D-8831-04E4B1F2E752}"
EndProject
Project("{FAE04EC0-301F-11D3-BF4B-00C04F79EFBC}") = "WpfBasic", "practice_06_03\WpfBasic.csproj", "{325E36BC-F102-4D8B-B7FC-E3049BE0FECC}"
EndProject
Project("{FAE04EC0-301F-11D3-BF4B-00C04F79EFBC}") = "WpfTreeView", "WpfTreeView\WpfTreeView.csproj", "{FD45A168-8F0A-4720-80F4-CCEB8E3C3C7E}"
EndProject
Project("{FAE04EC0-301F-11D3-BF4B-00C04F79EFBC}") = "Queries", "Q\Queries.csproj", "{F9C774A2-0059-4693-AFAF-9A29A3FABDBF}"
EndProject
Global
	GlobalSection(SolutionConfigurationPlatforms) = preSolution
		Debug|Any CPU = Debug|Any CPU
		Release|Any CPU = Release|Any CPU
	EndGlobalSection
	GlobalSection(ProjectConfigurationPlatforms) = postSolution
		{5E1F3101-4A1F-493D-8831-04E4B1F2E752}.Debug|Any CPU.ActiveCfg = Debug|Any CPU
		{5E1F3101-4A1F-493D-8831-04E4B1F2E752}.Debug|Any CPU.Build.0 = Debug|Any CPU
		{5E1F3101-4A1F-493D-8831-04E4B1F2E752}.Release|Any CPU.ActiveCfg = Release|Any CPU
		{5E1F3101-4A1F-493D-8831-04E4B1F2E752}.Release|Any CPU.Build.0 = Release|Any CPU
		{325E36BC-F102-4D8B-B7FC-E3049BE0FECC}.Debug|Any CPU.ActiveCfg = Debug|Any CPU
		{325E36BC-F102-4D8B-B7FC-E3049BE0FECC}.Debug|Any CPU.Build.0 = Debug|Any CPU
		{325E36BC-F102-4D8B-B7FC-E3049BE0FECC}.Release|Any CPU.ActiveCfg = Release|Any CPU
		{325E36BC-F102-4D8B-B7FC-E3049BE0FECC}.Release|Any CPU.Build.0 = Release|Any CPU
		{FD45A168-8F0A-4720-80F4-CCEB8E3C3C7E}.Debug|Any CPU.ActiveCfg = Debug|Any CPU
		{FD45A168-8F0A-4720-80F4-CCEB8E3C3C7E}.Debug|Any CPU.Build.0 = Debug|Any CPU
		{FD45A168-8F0A-4720-80F4-CCEB8E3C3C7E}.Release|Any CPU.ActiveCfg = Release|Any CPU
		{FD45A168-8F0A-4720-80F4-CCEB8E3C3C7E}.Release|Any CPU.Build.0 = Release|Any CPU
		{F9C774A2-0059-4693-AFAF-9A29A3FABDBF}.Debug|Any CPU.ActiveCfg = Debug|Any CPU
		{F9C774A2-0059-4693-AFAF-9A29A3FABDBF}.Debug|Any CPU.Build.0 = Debug|Any CPU
		{F9C774A2-0059-4693-AFAF-9A29A3FABDBF}.Release|Any CPU.ActiveCfg = Release|Any CPU
		{F9C774A2-0059-4693-AFAF-9A29A3FABDBF}.Release|Any CPU.Build.0 = Release|Any CPU
	EndGlobalSection
	GlobalSection(SolutionProperties) = preSolution
		HideSolutionNode = FALSE
	EndGlobalSection
	GlobalSection(ExtensibilityGlobals) = postSolution
		SolutionGuid = {B0F445A4-AB5D-4AFE-9B33-FF984817FC79}
	EndGlobalSection
EndGlobal
