
Microsoft Visual Studio Solution File, Format Version 12.00
# Visual Studio 15
VisualStudioVersion = 15.0.27130.2024
MinimumVisualStudioVersion = 10.0.40219.1
Project("{FAE04EC0-301F-11D3-BF4B-00C04F79EFBC}") = "StudentGrades.UI", "StudentGrades.UI\StudentGrades.UI.csproj", "{2CFD87D6-553D-45BF-872E-3B1861768972}"
EndProject
Project("{FAE04EC0-301F-11D3-BF4B-00C04F79EFBC}") = "StudentGrades.Classes", "StudentGrades.Classes\StudentGrades.Classes.csproj", "{668244CB-F8D1-41AD-88EB-2C35180C1F00}"
EndProject
Global
	GlobalSection(SolutionConfigurationPlatforms) = preSolution
		Debug|Any CPU = Debug|Any CPU
		Release|Any CPU = Release|Any CPU
	EndGlobalSection
	GlobalSection(ProjectConfigurationPlatforms) = postSolution
		{2CFD87D6-553D-45BF-872E-3B1861768972}.Debug|Any CPU.ActiveCfg = Debug|Any CPU
		{2CFD87D6-553D-45BF-872E-3B1861768972}.Debug|Any CPU.Build.0 = Debug|Any CPU
		{2CFD87D6-553D-45BF-872E-3B1861768972}.Release|Any CPU.ActiveCfg = Release|Any CPU
		{2CFD87D6-553D-45BF-872E-3B1861768972}.Release|Any CPU.Build.0 = Release|Any CPU
		{668244CB-F8D1-41AD-88EB-2C35180C1F00}.Debug|Any CPU.ActiveCfg = Debug|Any CPU
		{668244CB-F8D1-41AD-88EB-2C35180C1F00}.Debug|Any CPU.Build.0 = Debug|Any CPU
		{668244CB-F8D1-41AD-88EB-2C35180C1F00}.Release|Any CPU.ActiveCfg = Release|Any CPU
		{668244CB-F8D1-41AD-88EB-2C35180C1F00}.Release|Any CPU.Build.0 = Release|Any CPU
	EndGlobalSection
	GlobalSection(SolutionProperties) = preSolution
		HideSolutionNode = FALSE
	EndGlobalSection
	GlobalSection(ExtensibilityGlobals) = postSolution
		SolutionGuid = {29B513C4-8F50-4D1A-A96B-861E265B6EDB}
	EndGlobalSection
EndGlobal
